
Microsoft Visual Studio Solution File, Format Version 12.00
# Visual Studio Version 17
VisualStudioVersion = 17.0.31903.59
MinimumVisualStudioVersion = 10.0.40219.1
Project("{2150E333-8FDC-42A3-9474-1A3956D46DE8}") = "ApiGateways", "ApiGateways", "{5FEBF93E-C161-4314-9F75-DEB77BCDCA24}"
EndProject
Project("{FAE04EC0-301F-11D3-BF4B-00C04F79EFBC}") = "OcelotApiGateway", "ApiGateways\OcelotApiGateway\OcelotApiGateway.csproj", "{5B29BE7B-72FE-4CCF-923E-513FD0BCDB0E}"
EndProject
Project("{2150E333-8FDC-42A3-9474-1A3956D46DE8}") = "Microservices", "Microservices", "{2376CB66-1804-4B41-B4FE-AFD705E7599C}"
EndProject
Project("{2150E333-8FDC-42A3-9474-1A3956D46DE8}") = "Authentication", "Authentication", "{430E08EA-A7DF-497A-8B34-1904F7EE190D}"
EndProject
Project("{2150E333-8FDC-42A3-9474-1A3956D46DE8}") = "src", "src", "{A052BE19-E109-486B-9D94-D4F9B5EC39DD}"
EndProject
Project("{FAE04EC0-301F-11D3-BF4B-00C04F79EFBC}") = "Authentication.Application", "Microservices\Authentication\src\Authentication.Application\Authentication.Application.csproj", "{621D2CFF-0505-45E5-A523-DA6C868C4FBC}"
EndProject
Project("{FAE04EC0-301F-11D3-BF4B-00C04F79EFBC}") = "Authentication.Domain", "Microservices\Authentication\src\Authentication.Domain\Authentication.Domain.csproj", "{73879C29-8788-4D1F-BBC1-AE382AD06251}"
EndProject
Project("{FAE04EC0-301F-11D3-BF4B-00C04F79EFBC}") = "Authentication.Infrastructure", "Microservices\Authentication\src\Authentication.Infrastructure\Authentication.Infrastructure.csproj", "{8DB57295-DAC3-4DD4-AFBC-68E28DDF2D3B}"
EndProject
Project("{FAE04EC0-301F-11D3-BF4B-00C04F79EFBC}") = "Authentication.Presentation", "Microservices\Authentication\src\Authentication.Presentation\Authentication.Presentation.csproj", "{2BF8FB6A-B048-4798-AF6C-744756F3F9CF}"
EndProject
Project("{2150E333-8FDC-42A3-9474-1A3956D46DE8}") = "Files", "Files", "{86C7FDB9-EB9B-42D4-815C-412CDBF126B1}"
EndProject
Project("{2150E333-8FDC-42A3-9474-1A3956D46DE8}") = "src", "src", "{918D5BD0-FA97-42EE-84E5-2B0946126521}"
EndProject
Project("{FAE04EC0-301F-11D3-BF4B-00C04F79EFBC}") = "Files.Application", "Microservices\Files\src\Files.Application\Files.Application.csproj", "{CF28DE6D-EAB6-4980-AFC5-DAD7D16CCC9C}"
EndProject
Project("{FAE04EC0-301F-11D3-BF4B-00C04F79EFBC}") = "Files.Domain", "Microservices\Files\src\Files.Domain\Files.Domain.csproj", "{7A2A73D0-A862-4707-A3C8-50EA14C3FE11}"
EndProject
Project("{FAE04EC0-301F-11D3-BF4B-00C04F79EFBC}") = "Files.Infrastructure", "Microservices\Files\src\Files.Infrastructure\Files.Infrastructure.csproj", "{E8CA80B3-5E38-4FC6-B852-48AC5351AA4B}"
EndProject
Project("{FAE04EC0-301F-11D3-BF4B-00C04F79EFBC}") = "Files.Presentation", "Microservices\Files\src\Files.Presentation\Files.Presentation.csproj", "{94339EE3-2256-4420-995B-F61ABA6BFD7A}"
EndProject
Project("{2150E333-8FDC-42A3-9474-1A3956D46DE8}") = "Storage", "Storage", "{46021E41-8624-4F15-B992-6D4088D5D78E}"
EndProject
Project("{FAE04EC0-301F-11D3-BF4B-00C04F79EFBC}") = "Storage.API", "Microservices\Storage\Storage.API\Storage.API.csproj", "{F7803DBC-4350-48C1-8340-B5EEF141B010}"
EndProject
Project("{2150E333-8FDC-42A3-9474-1A3956D46DE8}") = "Tests", "Tests", "{44CF2C02-95C9-4D0B-B166-A37703374F6F}"
EndProject
Project("{FAE04EC0-301F-11D3-BF4B-00C04F79EFBC}") = "Storage.API.UnitTests", "Microservices\Storage\Tests\Storage.API.UnitTests\Storage.API.UnitTests.csproj", "{1624C7E9-3B14-4549-B586-835764E6F6BB}"
EndProject
Project("{2150E333-8FDC-42A3-9474-1A3956D46DE8}") = "Tests", "Tests", "{8346D915-286E-404F-9BFE-94541F5B3EFA}"
EndProject
Project("{FAE04EC0-301F-11D3-BF4B-00C04F79EFBC}") = "Authentication.Application.UnitTests", "Microservices\Authentication\Tests\Authentication.Application.UnitTests\Authentication.Application.UnitTests.csproj", "{141ACD98-6E2B-4E69-B71F-E5437263A70E}"
EndProject
Project("{2150E333-8FDC-42A3-9474-1A3956D46DE8}") = "Tests", "Tests", "{95AD9705-AD54-467D-9616-86F85638C370}"
EndProject
Project("{FAE04EC0-301F-11D3-BF4B-00C04F79EFBC}") = "Files.Application.UnitTests", "Microservices\Files\Tests\Files.Application.UnitTests\Files.Application.UnitTests.csproj", "{186F7B0B-9A13-4E89-82FA-4454A1CD92D8}"
EndProject
Project("{2150E333-8FDC-42A3-9474-1A3956D46DE8}") = "Shared", "Shared", "{D3740E5E-64CE-46B6-BF11-B17EFF83B613}"
EndProject
Project("{FAE04EC0-301F-11D3-BF4B-00C04F79EFBC}") = "DatabaseInfrastructure", "Shared\DatabaseInfrastructure\DatabaseInfrastructure.csproj", "{617DEFD9-49FE-4C2D-ABD1-9C04EAB2FF24}"
EndProject
Project("{FAE04EC0-301F-11D3-BF4B-00C04F79EFBC}") = "Middlewares", "Shared\Middlewares\Middlewares.csproj", "{B4F0BC2C-0B81-4CE8-A7CB-863D8A6F06FC}"
EndProject
Project("{FAE04EC0-301F-11D3-BF4B-00C04F79EFBC}") = "QueueMessaging", "Shared\QueueMessaging\QueueMessaging.csproj", "{C63093D2-BBFD-4AA9-873C-7F19F037E375}"
EndProject
Project("{FAE04EC0-301F-11D3-BF4B-00C04F79EFBC}") = "Routes", "Shared\Routes\Routes.csproj", "{9E8EFE75-B759-42C9-8930-4B1C88909E33}"
EndProject
Project("{FAE04EC0-301F-11D3-BF4B-00C04F79EFBC}") = "Services", "Shared\Services\Services.csproj", "{A4C7C51A-4C56-4354-8306-8714C91E3AFC}"
EndProject
Global
	GlobalSection(SolutionConfigurationPlatforms) = preSolution
		Debug|Any CPU = Debug|Any CPU
		Release|Any CPU = Release|Any CPU
	EndGlobalSection
	GlobalSection(SolutionProperties) = preSolution
		HideSolutionNode = FALSE
	EndGlobalSection
	GlobalSection(ProjectConfigurationPlatforms) = postSolution
		{5B29BE7B-72FE-4CCF-923E-513FD0BCDB0E}.Debug|Any CPU.ActiveCfg = Debug|Any CPU
		{5B29BE7B-72FE-4CCF-923E-513FD0BCDB0E}.Debug|Any CPU.Build.0 = Debug|Any CPU
		{5B29BE7B-72FE-4CCF-923E-513FD0BCDB0E}.Release|Any CPU.ActiveCfg = Release|Any CPU
		{5B29BE7B-72FE-4CCF-923E-513FD0BCDB0E}.Release|Any CPU.Build.0 = Release|Any CPU
		{621D2CFF-0505-45E5-A523-DA6C868C4FBC}.Debug|Any CPU.ActiveCfg = Debug|Any CPU
		{621D2CFF-0505-45E5-A523-DA6C868C4FBC}.Debug|Any CPU.Build.0 = Debug|Any CPU
		{621D2CFF-0505-45E5-A523-DA6C868C4FBC}.Release|Any CPU.ActiveCfg = Release|Any CPU
		{621D2CFF-0505-45E5-A523-DA6C868C4FBC}.Release|Any CPU.Build.0 = Release|Any CPU
		{73879C29-8788-4D1F-BBC1-AE382AD06251}.Debug|Any CPU.ActiveCfg = Debug|Any CPU
		{73879C29-8788-4D1F-BBC1-AE382AD06251}.Debug|Any CPU.Build.0 = Debug|Any CPU
		{73879C29-8788-4D1F-BBC1-AE382AD06251}.Release|Any CPU.ActiveCfg = Release|Any CPU
		{73879C29-8788-4D1F-BBC1-AE382AD06251}.Release|Any CPU.Build.0 = Release|Any CPU
		{8DB57295-DAC3-4DD4-AFBC-68E28DDF2D3B}.Debug|Any CPU.ActiveCfg = Debug|Any CPU
		{8DB57295-DAC3-4DD4-AFBC-68E28DDF2D3B}.Debug|Any CPU.Build.0 = Debug|Any CPU
		{8DB57295-DAC3-4DD4-AFBC-68E28DDF2D3B}.Release|Any CPU.ActiveCfg = Release|Any CPU
		{8DB57295-DAC3-4DD4-AFBC-68E28DDF2D3B}.Release|Any CPU.Build.0 = Release|Any CPU
		{2BF8FB6A-B048-4798-AF6C-744756F3F9CF}.Debug|Any CPU.ActiveCfg = Debug|Any CPU
		{2BF8FB6A-B048-4798-AF6C-744756F3F9CF}.Debug|Any CPU.Build.0 = Debug|Any CPU
		{2BF8FB6A-B048-4798-AF6C-744756F3F9CF}.Release|Any CPU.ActiveCfg = Release|Any CPU
		{2BF8FB6A-B048-4798-AF6C-744756F3F9CF}.Release|Any CPU.Build.0 = Release|Any CPU
		{CF28DE6D-EAB6-4980-AFC5-DAD7D16CCC9C}.Debug|Any CPU.ActiveCfg = Debug|Any CPU
		{CF28DE6D-EAB6-4980-AFC5-DAD7D16CCC9C}.Debug|Any CPU.Build.0 = Debug|Any CPU
		{CF28DE6D-EAB6-4980-AFC5-DAD7D16CCC9C}.Release|Any CPU.ActiveCfg = Release|Any CPU
		{CF28DE6D-EAB6-4980-AFC5-DAD7D16CCC9C}.Release|Any CPU.Build.0 = Release|Any CPU
		{7A2A73D0-A862-4707-A3C8-50EA14C3FE11}.Debug|Any CPU.ActiveCfg = Debug|Any CPU
		{7A2A73D0-A862-4707-A3C8-50EA14C3FE11}.Debug|Any CPU.Build.0 = Debug|Any CPU
		{7A2A73D0-A862-4707-A3C8-50EA14C3FE11}.Release|Any CPU.ActiveCfg = Release|Any CPU
		{7A2A73D0-A862-4707-A3C8-50EA14C3FE11}.Release|Any CPU.Build.0 = Release|Any CPU
		{E8CA80B3-5E38-4FC6-B852-48AC5351AA4B}.Debug|Any CPU.ActiveCfg = Debug|Any CPU
		{E8CA80B3-5E38-4FC6-B852-48AC5351AA4B}.Debug|Any CPU.Build.0 = Debug|Any CPU
		{E8CA80B3-5E38-4FC6-B852-48AC5351AA4B}.Release|Any CPU.ActiveCfg = Release|Any CPU
		{E8CA80B3-5E38-4FC6-B852-48AC5351AA4B}.Release|Any CPU.Build.0 = Release|Any CPU
		{94339EE3-2256-4420-995B-F61ABA6BFD7A}.Debug|Any CPU.ActiveCfg = Debug|Any CPU
		{94339EE3-2256-4420-995B-F61ABA6BFD7A}.Debug|Any CPU.Build.0 = Debug|Any CPU
		{94339EE3-2256-4420-995B-F61ABA6BFD7A}.Release|Any CPU.ActiveCfg = Release|Any CPU
		{94339EE3-2256-4420-995B-F61ABA6BFD7A}.Release|Any CPU.Build.0 = Release|Any CPU
		{F7803DBC-4350-48C1-8340-B5EEF141B010}.Debug|Any CPU.ActiveCfg = Debug|Any CPU
		{F7803DBC-4350-48C1-8340-B5EEF141B010}.Debug|Any CPU.Build.0 = Debug|Any CPU
		{F7803DBC-4350-48C1-8340-B5EEF141B010}.Release|Any CPU.ActiveCfg = Release|Any CPU
		{F7803DBC-4350-48C1-8340-B5EEF141B010}.Release|Any CPU.Build.0 = Release|Any CPU
		{1624C7E9-3B14-4549-B586-835764E6F6BB}.Debug|Any CPU.ActiveCfg = Debug|Any CPU
		{1624C7E9-3B14-4549-B586-835764E6F6BB}.Debug|Any CPU.Build.0 = Debug|Any CPU
		{1624C7E9-3B14-4549-B586-835764E6F6BB}.Release|Any CPU.ActiveCfg = Release|Any CPU
		{1624C7E9-3B14-4549-B586-835764E6F6BB}.Release|Any CPU.Build.0 = Release|Any CPU
		{141ACD98-6E2B-4E69-B71F-E5437263A70E}.Debug|Any CPU.ActiveCfg = Debug|Any CPU
		{141ACD98-6E2B-4E69-B71F-E5437263A70E}.Debug|Any CPU.Build.0 = Debug|Any CPU
		{141ACD98-6E2B-4E69-B71F-E5437263A70E}.Release|Any CPU.ActiveCfg = Release|Any CPU
		{141ACD98-6E2B-4E69-B71F-E5437263A70E}.Release|Any CPU.Build.0 = Release|Any CPU
		{186F7B0B-9A13-4E89-82FA-4454A1CD92D8}.Debug|Any CPU.ActiveCfg = Debug|Any CPU
		{186F7B0B-9A13-4E89-82FA-4454A1CD92D8}.Debug|Any CPU.Build.0 = Debug|Any CPU
		{186F7B0B-9A13-4E89-82FA-4454A1CD92D8}.Release|Any CPU.ActiveCfg = Release|Any CPU
		{186F7B0B-9A13-4E89-82FA-4454A1CD92D8}.Release|Any CPU.Build.0 = Release|Any CPU
		{617DEFD9-49FE-4C2D-ABD1-9C04EAB2FF24}.Debug|Any CPU.ActiveCfg = Debug|Any CPU
		{617DEFD9-49FE-4C2D-ABD1-9C04EAB2FF24}.Debug|Any CPU.Build.0 = Debug|Any CPU
		{617DEFD9-49FE-4C2D-ABD1-9C04EAB2FF24}.Release|Any CPU.ActiveCfg = Release|Any CPU
		{617DEFD9-49FE-4C2D-ABD1-9C04EAB2FF24}.Release|Any CPU.Build.0 = Release|Any CPU
		{B4F0BC2C-0B81-4CE8-A7CB-863D8A6F06FC}.Debug|Any CPU.ActiveCfg = Debug|Any CPU
		{B4F0BC2C-0B81-4CE8-A7CB-863D8A6F06FC}.Debug|Any CPU.Build.0 = Debug|Any CPU
		{B4F0BC2C-0B81-4CE8-A7CB-863D8A6F06FC}.Release|Any CPU.ActiveCfg = Release|Any CPU
		{B4F0BC2C-0B81-4CE8-A7CB-863D8A6F06FC}.Release|Any CPU.Build.0 = Release|Any CPU
		{C63093D2-BBFD-4AA9-873C-7F19F037E375}.Debug|Any CPU.ActiveCfg = Debug|Any CPU
		{C63093D2-BBFD-4AA9-873C-7F19F037E375}.Debug|Any CPU.Build.0 = Debug|Any CPU
		{C63093D2-BBFD-4AA9-873C-7F19F037E375}.Release|Any CPU.ActiveCfg = Release|Any CPU
		{C63093D2-BBFD-4AA9-873C-7F19F037E375}.Release|Any CPU.Build.0 = Release|Any CPU
		{9E8EFE75-B759-42C9-8930-4B1C88909E33}.Debug|Any CPU.ActiveCfg = Debug|Any CPU
		{9E8EFE75-B759-42C9-8930-4B1C88909E33}.Debug|Any CPU.Build.0 = Debug|Any CPU
		{9E8EFE75-B759-42C9-8930-4B1C88909E33}.Release|Any CPU.ActiveCfg = Release|Any CPU
		{9E8EFE75-B759-42C9-8930-4B1C88909E33}.Release|Any CPU.Build.0 = Release|Any CPU
		{A4C7C51A-4C56-4354-8306-8714C91E3AFC}.Debug|Any CPU.ActiveCfg = Debug|Any CPU
		{A4C7C51A-4C56-4354-8306-8714C91E3AFC}.Debug|Any CPU.Build.0 = Debug|Any CPU
		{A4C7C51A-4C56-4354-8306-8714C91E3AFC}.Release|Any CPU.ActiveCfg = Release|Any CPU
		{A4C7C51A-4C56-4354-8306-8714C91E3AFC}.Release|Any CPU.Build.0 = Release|Any CPU
	EndGlobalSection
	GlobalSection(NestedProjects) = preSolution
		{5B29BE7B-72FE-4CCF-923E-513FD0BCDB0E} = {5FEBF93E-C161-4314-9F75-DEB77BCDCA24}
		{430E08EA-A7DF-497A-8B34-1904F7EE190D} = {2376CB66-1804-4B41-B4FE-AFD705E7599C}
		{A052BE19-E109-486B-9D94-D4F9B5EC39DD} = {430E08EA-A7DF-497A-8B34-1904F7EE190D}
		{621D2CFF-0505-45E5-A523-DA6C868C4FBC} = {A052BE19-E109-486B-9D94-D4F9B5EC39DD}
		{73879C29-8788-4D1F-BBC1-AE382AD06251} = {A052BE19-E109-486B-9D94-D4F9B5EC39DD}
		{8DB57295-DAC3-4DD4-AFBC-68E28DDF2D3B} = {A052BE19-E109-486B-9D94-D4F9B5EC39DD}
		{2BF8FB6A-B048-4798-AF6C-744756F3F9CF} = {A052BE19-E109-486B-9D94-D4F9B5EC39DD}
		{86C7FDB9-EB9B-42D4-815C-412CDBF126B1} = {2376CB66-1804-4B41-B4FE-AFD705E7599C}
		{918D5BD0-FA97-42EE-84E5-2B0946126521} = {86C7FDB9-EB9B-42D4-815C-412CDBF126B1}
		{CF28DE6D-EAB6-4980-AFC5-DAD7D16CCC9C} = {918D5BD0-FA97-42EE-84E5-2B0946126521}
		{7A2A73D0-A862-4707-A3C8-50EA14C3FE11} = {918D5BD0-FA97-42EE-84E5-2B0946126521}
		{E8CA80B3-5E38-4FC6-B852-48AC5351AA4B} = {918D5BD0-FA97-42EE-84E5-2B0946126521}
		{94339EE3-2256-4420-995B-F61ABA6BFD7A} = {918D5BD0-FA97-42EE-84E5-2B0946126521}
		{46021E41-8624-4F15-B992-6D4088D5D78E} = {2376CB66-1804-4B41-B4FE-AFD705E7599C}
		{F7803DBC-4350-48C1-8340-B5EEF141B010} = {46021E41-8624-4F15-B992-6D4088D5D78E}
		{44CF2C02-95C9-4D0B-B166-A37703374F6F} = {46021E41-8624-4F15-B992-6D4088D5D78E}
		{1624C7E9-3B14-4549-B586-835764E6F6BB} = {44CF2C02-95C9-4D0B-B166-A37703374F6F}
		{8346D915-286E-404F-9BFE-94541F5B3EFA} = {430E08EA-A7DF-497A-8B34-1904F7EE190D}
		{141ACD98-6E2B-4E69-B71F-E5437263A70E} = {8346D915-286E-404F-9BFE-94541F5B3EFA}
		{95AD9705-AD54-467D-9616-86F85638C370} = {86C7FDB9-EB9B-42D4-815C-412CDBF126B1}
		{186F7B0B-9A13-4E89-82FA-4454A1CD92D8} = {95AD9705-AD54-467D-9616-86F85638C370}
		{617DEFD9-49FE-4C2D-ABD1-9C04EAB2FF24} = {D3740E5E-64CE-46B6-BF11-B17EFF83B613}
		{B4F0BC2C-0B81-4CE8-A7CB-863D8A6F06FC} = {D3740E5E-64CE-46B6-BF11-B17EFF83B613}
		{C63093D2-BBFD-4AA9-873C-7F19F037E375} = {D3740E5E-64CE-46B6-BF11-B17EFF83B613}
		{9E8EFE75-B759-42C9-8930-4B1C88909E33} = {D3740E5E-64CE-46B6-BF11-B17EFF83B613}
		{A4C7C51A-4C56-4354-8306-8714C91E3AFC} = {D3740E5E-64CE-46B6-BF11-B17EFF83B613}
	EndGlobalSection
EndGlobal
